# THIS IS AN AUTOGENERATED FILE. DO NOT EDIT THIS FILE DIRECTLY.
# yarn lockfile v1


"@babel/runtime@^7.13.10":
  version "7.13.10"
  resolved "https://registry.yarnpkg.com/@babel/runtime/-/runtime-7.13.10.tgz#47d42a57b6095f4468da440388fdbad8bebf0d7d"
  integrity sha512-4QPkjJq6Ns3V/RgpEahRk+AGfL0eO6RHHtTWoNNr5mO49G6B5+X6d6THgWEAvTrznU5xYpbAlVKRYcsCgh/Akw==
  dependencies:
    regenerator-runtime "^0.13.4"

automation-events@^3.0.8:
  version "3.0.8"
  resolved "https://registry.yarnpkg.com/automation-events/-/automation-events-3.0.8.tgz#d17cbc6dbad439a4761c25c1f600658d23f328ba"
  integrity sha512-5/v0eyez5qQgkIQpjlmxfnClSma80M+cGL+DKbvtggxqAPy0CpJl56yPxoGW1kNv6dF83x7A3u4UlZJn2+9VAA==
  dependencies:
    "@babel/runtime" "^7.13.10"
    tslib "^2.1.0"

big-integer@^1.6.7:
  version "1.6.48"
  resolved "https://registry.yarnpkg.com/big-integer/-/big-integer-1.6.48.tgz#8fd88bd1632cba4a1c8c3e3d7159f08bb95b4b9e"
  integrity sha512-j51egjPa7/i+RdiRuJbPdJ2FIUYYPhvYLjzoYbcMMm62ooO6F94fETG4MTs46zPAF9Brs04OajboA/qTGuz78w==

bplist-parser@^0.1.0:
  version "0.1.1"
  resolved "https://registry.yarnpkg.com/bplist-parser/-/bplist-parser-0.1.1.tgz#d60d5dcc20cba6dc7e1f299b35d3e1f95dafbae6"
  integrity sha1-1g1dzCDLptx+HymbNdPh+V2vuuY=
  dependencies:
    big-integer "^1.6.7"

cli-spinners@^2.5.0:
  version "2.6.0"
  resolved "https://registry.yarnpkg.com/cli-spinners/-/cli-spinners-2.6.0.tgz#36c7dc98fb6a9a76bd6238ec3f77e2425627e939"
  integrity sha512-t+4/y50K/+4xcCRosKkA7W4gTr1MySvLV0q+PxmG7FJ5g+66ChKurYjxBCjHggHH3HA5Hh9cy+lcUGWDqVH+4Q==

default-browser-id@^2.0.0:
  version "2.0.0"
  resolved "https://registry.yarnpkg.com/default-browser-id/-/default-browser-id-2.0.0.tgz#01ecce371a71e85f15a17177e7863047e73dbe7d"
  integrity sha1-AezONxpx6F8VoXF354YwR+c9vn0=
  dependencies:
    bplist-parser "^0.1.0"
    pify "^2.3.0"
    untildify "^2.0.0"

esbuild@^0.9.3:
  version "0.9.7"
  resolved "https://registry.yarnpkg.com/esbuild/-/esbuild-0.9.7.tgz#ea0d639cbe4b88ec25fbed4d6ff00c8d788ef70b"
  integrity sha512-VtUf6aQ89VTmMLKrWHYG50uByMF4JQlVysb8dmg6cOgW8JnFCipmz7p+HNBl+RR3LLCuBxFGVauAe2wfnF9bLg==

fdir@^5.0.0:
  version "5.0.0"
  resolved "https://registry.yarnpkg.com/fdir/-/fdir-5.0.0.tgz#a40b5d9adfb530daeca55558e8ad87ec14a44769"
  integrity sha512-cteqwWMA43lEmgwOg5HSdvhVFD39vHjQDhZkRMlKmeoNPtSSgUw1nUypydiY2upMdGiBFBZvNBDbnoBh0yCzaQ==

fsevents@^2.2.0, fsevents@~2.3.1:
  version "2.3.2"
  resolved "https://registry.yarnpkg.com/fsevents/-/fsevents-2.3.2.tgz#8a526f78b8fdf4623b709e0b975c52c24c02fd1a"
  integrity sha512-xiqMQR4xAeHTuB9uWm+fFRcIOgKBMiOBP+eXiyT7jsgVCq1bkVygt00oASowB7EdtpOHaaPgKt812P9ab+DDKA==

function-bind@^1.1.1:
  version "1.1.1"
  resolved "https://registry.yarnpkg.com/function-bind/-/function-bind-1.1.1.tgz#a56899d3ea3c9bab874bb9773b7c5ede92f4895d"
  integrity sha512-yIovAzMX49sF8Yl58fSCWJ5svSLuaibPxXQJFLmBObTuCr0Mf1KiPopGM9NiFjiYBCbfaa2Fh6breQ6ANVTI0A==

has@^1.0.3:
  version "1.0.3"
  resolved "https://registry.yarnpkg.com/has/-/has-1.0.3.tgz#722d7cbfc1f6aa8241f16dd814e011e1f41e8796"
  integrity sha512-f2dvO0VU6Oej7RkWJGrehjbzMAjFp5/VKPp5tTpWIV4JHHZK1/BxbFRtf/siA2SWTe09caDmVtYYzWEIbBS4zw==
  dependencies:
    function-bind "^1.1.1"

is-core-module@^2.2.0:
  version "2.2.0"
  resolved "https://registry.yarnpkg.com/is-core-module/-/is-core-module-2.2.0.tgz#97037ef3d52224d85163f5597b2b63d9afed981a"
  integrity sha512-XRAfAdyyY5F5cOXn7hYQDqh2Xmii+DEfIcQGxK/uNwMHhIkPWO0g8msXcbzLe+MpGoR951MlqM/2iIlU4vKDdQ==
  dependencies:
    has "^1.0.3"

is-docker@^2.0.0:
  version "2.1.1"
  resolved "https://registry.yarnpkg.com/is-docker/-/is-docker-2.1.1.tgz#4125a88e44e450d384e09047ede71adc2d144156"
  integrity sha512-ZOoqiXfEwtGknTiuDEy8pN2CfE3TxMHprvNer1mXiqwkOT77Rw3YVrUQ52EqAOU3QAWDQ+bQdx7HJzrv7LS2Hw==

is-wsl@^2.1.1:
  version "2.2.0"
  resolved "https://registry.yarnpkg.com/is-wsl/-/is-wsl-2.2.0.tgz#74a4c76e77ca9fd3f932f290c17ea326cd157271"
  integrity sha512-fKzAra0rGJUUBwGBgNkHZuToZcn+TtXHpeCgmkMJMMYx1sQDYaCSyjJBSCa2nH1DGm7s3n1oBnohoVTBaN7Lww==
  dependencies:
    is-docker "^2.0.0"

open@^7.0.4:
  version "7.4.2"
  resolved "https://registry.yarnpkg.com/open/-/open-7.4.2.tgz#b8147e26dcf3e426316c730089fd71edd29c2321"
  integrity sha512-MVHddDVweXZF3awtlAS+6pgKLlm/JgxZ90+/NBurBoQctVOOB/zDdVjcyPzQ+0laDGbsWgrRkflI65sQeOgT9Q==
  dependencies:
    is-docker "^2.0.0"
    is-wsl "^2.1.1"

os-homedir@^1.0.0:
  version "1.0.2"
  resolved "https://registry.yarnpkg.com/os-homedir/-/os-homedir-1.0.2.tgz#ffbc4988336e0e833de0c168c7ef152121aa7fb3"
  integrity sha1-/7xJiDNuDoM94MFox+8VISGqf7M=

path-parse@^1.0.6:
  version "1.0.6"
  resolved "https://registry.yarnpkg.com/path-parse/-/path-parse-1.0.6.tgz#d62dbb5679405d72c4737ec58600e9ddcf06d24c"
  integrity sha512-GSmOT2EbHrINBf9SR7CDELwlJ8AENk3Qn7OikK4nFYAu3Ote2+JYNVvkpAEQm3/TLNEJFD/xZJjzyxg3KBWOzw==

picomatch@^2.2.2:
  version "2.2.2"
  resolved "https://registry.yarnpkg.com/picomatch/-/picomatch-2.2.2.tgz#21f333e9b6b8eaff02468f5146ea406d345f4dad"
  integrity sha512-q0M/9eZHzmr0AulXyPwNfZjtwZ/RBZlbN3K3CErVrk50T2ASYI7Bye0EvekFY3IP1Nt2DHu0re+V2ZHIpMkuWg==

pify@^2.3.0:
  version "2.3.0"
  resolved "https://registry.yarnpkg.com/pify/-/pify-2.3.0.tgz#ed141a6ac043a849ea588498e7dca8b15330e90c"
  integrity sha1-7RQaasBDqEnqWISY59yosVMw6Qw=

regenerator-runtime@^0.13.4:
  version "0.13.7"
  resolved "https://registry.yarnpkg.com/regenerator-runtime/-/regenerator-runtime-0.13.7.tgz#cac2dacc8a1ea675feaabaeb8ae833898ae46f55"
  integrity sha512-a54FxoJDIr27pgf7IgeQGxmqUNYrcV338lf/6gH456HZ/PhX+5BcwHXG9ajESmwe6WRO0tAzRUrRmNONWgkrew==

resolve@^1.20.0:
  version "1.20.0"
  resolved "https://registry.yarnpkg.com/resolve/-/resolve-1.20.0.tgz#629a013fb3f70755d6f0b7935cc1c2c5378b1975"
  integrity sha512-wENBPt4ySzg4ybFQW2TT1zMQucPK95HSh/nq2CFTZVOGut2+pQvSsgtda4d26YrYcr067wjbmzOG8byDPBX63A==
  dependencies:
    is-core-module "^2.2.0"
    path-parse "^1.0.6"

rollup@^2.34.0:
  version "2.43.1"
  resolved "https://registry.yarnpkg.com/rollup/-/rollup-2.43.1.tgz#9e5c9208c2011de227ac6c93101e11dc12e88e04"
  integrity sha512-kvRE6VJbiv4d8m2nGeccc3qRpzOMghAhu2KeITjyZVCjneIFLPQ3zm2Wmqnl0LcUg3FvDaV0MfKnG4NCMbiSfw==
  optionalDependencies:
    fsevents "~2.3.1"

snowpack@^3.0.0:
  version "3.1.2"
  resolved "https://registry.yarnpkg.com/snowpack/-/snowpack-3.1.2.tgz#47f376ac48b83de07093722c402c9218a6c9b542"
  integrity sha512-LsYlBNjB/t/p5QP434Pa1TqjyuX8VtXiYQaAWZkOn1d1TVKEt7nigMBr8Z+EDXYn6YlLXYKHXDvv/NhUS7Ri9A==
  dependencies:
    cli-spinners "^2.5.0"
    default-browser-id "^2.0.0"
    esbuild "^0.9.3"
    fdir "^5.0.0"
    open "^7.0.4"
    picomatch "^2.2.2"
    resolve "^1.20.0"
    rollup "^2.34.0"
  optionalDependencies:
    fsevents "^2.2.0"

standardized-audio-context@^25.1.8:
  version "25.1.12"
  resolved "https://registry.yarnpkg.com/standardized-audio-context/-/standardized-audio-context-25.1.12.tgz#7582fffeed2543e34ec780b0bdeb8f30d124ed8b"
  integrity sha512-lMN3whmiB8tjxi6y7OJBJ07hUXJtD4xobcVi/NEtPNiuLa2vqCQHJAp/MqpcRFa0raqvVfR5BFzp503N6vh1yA==
  dependencies:
    "@babel/runtime" "^7.13.10"
    automation-events "^3.0.8"
    tslib "^2.1.0"

three@^0.127.0:
  version "0.127.0"
  resolved "https://registry.yarnpkg.com/three/-/three-0.127.0.tgz#c463f4d41b2c735dcf8e9e51a388815e80cd3791"
  integrity sha512-wtgrn+mhYUbobxT7QN3GPdu3SRpSBQvwY6uOzLChWS7QE//f7paDU/+wlzbg+ngeIvBBqjBHSRuywTh8A99Jng==

tone@^14.7.58:
  version "14.7.77"
  resolved "https://registry.yarnpkg.com/tone/-/tone-14.7.77.tgz#12a2a9f033952ccdb552275a6384ca5d36d4b5ed"
  integrity sha512-tCfK73IkLHyzoKUvGq47gyDyxiKLFvKiVCOobynGgBB9Dl0NkxTM2p+eRJXyCYrjJwy9Y0XCMqD3uOYsYt2Fdg==
  dependencies:
    standardized-audio-context "^25.1.8"
    tslib "^2.0.1"

tslib@^2.0.1, tslib@^2.1.0:
  version "2.1.0"
  resolved "https://registry.yarnpkg.com/tslib/-/tslib-2.1.0.tgz#da60860f1c2ecaa5703ab7d39bc05b6bf988b97a"
  integrity sha512-hcVC3wYEziELGGmEEXue7D75zbwIIVUMWAVbHItGPx0ziyXxrOMQx4rQEVEV45Ut/1IotuEvwqPopzIOkDMf0A==

untildify@^2.0.0:
  version "2.1.0"
  resolved "https://registry.yarnpkg.com/untildify/-/untildify-2.1.0.tgz#17eb2807987f76952e9c0485fc311d06a826a2e0"
  integrity sha1-F+soB5h/dpUunASF/DEdBqgmouA=
  dependencies:
    os-homedir "^1.0.0"
