# THIS IS AN AUTOGENERATED FILE. DO NOT EDIT THIS FILE DIRECTLY.
# yarn lockfile v1


"@babel/runtime@^7.12.5":
  version "7.12.5"
  resolved "https://registry.yarnpkg.com/@babel/runtime/-/runtime-7.12.5.tgz#410e7e487441e1b360c29be715d870d9b985882e"
  integrity sha512-plcc+hbExy3McchJCEQG3knOsuh3HH+Prx1P6cLIkET/0dLuQDEnrT+s27Axgc9bqfsmNUNHfscgMUdBpC9xfg==
  dependencies:
    regenerator-runtime "^0.13.4"

automation-events@^3.0.2:
  version "3.0.3"
  resolved "https://registry.yarnpkg.com/automation-events/-/automation-events-3.0.3.tgz#08de5bdef461bd0c9ed6cd3a7a660afa7112cecd"
  integrity sha512-iFZcgSVwp8JnSXCv15LQ/tyKEAm+ToBTseD3bYWwIUUUzWQGwUMKMmIm2hM+KlfC0qBZu1xj/WqidhqvGvA3sA==
  dependencies:
    "@babel/runtime" "^7.12.5"
    tslib "^2.0.3"

esbuild@^0.8.7:
  version "0.8.31"
  resolved "https://registry.yarnpkg.com/esbuild/-/esbuild-0.8.31.tgz#c21e7adb3ad283c951a53de7ad64a5ae2df2ed34"
  integrity sha512-7EIU0VdUxltwivjVezX3HgeNzeIVR1snkrAo57WdUnuBMykdzin5rTrxwCDM6xQqj0RL/HjOEm3wFr2ijHKeaA==

fsevents@^2.2.0:
  version "2.3.1"
  resolved "https://registry.yarnpkg.com/fsevents/-/fsevents-2.3.1.tgz#b209ab14c61012636c8863507edf7fb68cc54e9f"
  integrity sha512-YR47Eg4hChJGAB1O3yEAOkGO+rlzutoICGqGo9EZ4lKWokzZRSyIW1QmTzqjtw8MJdj9srP869CuWw/hyzSiBw==

regenerator-runtime@^0.13.4:
  version "0.13.7"
  resolved "https://registry.yarnpkg.com/regenerator-runtime/-/regenerator-runtime-0.13.7.tgz#cac2dacc8a1ea675feaabaeb8ae833898ae46f55"
  integrity sha512-a54FxoJDIr27pgf7IgeQGxmqUNYrcV338lf/6gH456HZ/PhX+5BcwHXG9ajESmwe6WRO0tAzRUrRmNONWgkrew==

snowpack@^3.0.0:
  version "3.0.3"
  resolved "https://registry.yarnpkg.com/snowpack/-/snowpack-3.0.3.tgz#46b72fbb18cee0c1bc52e7a4be77764bde7a025e"
  integrity sha512-nzvGZaB3H5xfZksg3Py3r5iDyEdtLwG9yLhhmrNJaN537qXsuUt6FKgzW2nD9dMkgjVpEwpAkv7VZ/3sL6H4Bw==
  dependencies:
    esbuild "^0.8.7"
  optionalDependencies:
    fsevents "^2.2.0"

standardized-audio-context@^25.0.4:
  version "25.1.8"
  resolved "https://registry.yarnpkg.com/standardized-audio-context/-/standardized-audio-context-25.1.8.tgz#a8458abd65980780bfc3cc114c3888dd0b55d5cd"
  integrity sha512-/thEybIkw3VsoUkxkivjdWzedd9MrEsuTZ8IlVGcu1Xhm7nKGgiusFhRdp57wI+5DihkXn9NIWIyysbYA/6w2w==
  dependencies:
    "@babel/runtime" "^7.12.5"
    automation-events "^3.0.2"
    tslib "^2.1.0"

three@^0.124.0:
  version "0.124.0"
  resolved "https://registry.yarnpkg.com/three/-/three-0.124.0.tgz#14ab1a26ba6c56e51190e1b55695cd3c1e69ea55"
  integrity sha512-ROXp1Ly7YyF+jC910DQyAWj++Qlw2lQv0qwYLNQwdDbjk4bsOXAfGO92wYTMPNei1GMJUmCxSxc3MjGBTS09Rg==

tone@^14.7.58:
  version "14.7.58"
  resolved "https://registry.yarnpkg.com/tone/-/tone-14.7.58.tgz#c1a31597184115aedf44ea6310a30efe902645e7"
  integrity sha512-OzXsCkmaU/tLcNBc4M4dzHAjBzUGm+29DbWmAkAcCvpzWkLqo61RTcJa8tmS63F/7JHPiAJEOpuInMXw3mCvIg==
  dependencies:
    standardized-audio-context "^25.0.4"
    tslib "^2.0.1"

tslib@^2.0.1, tslib@^2.0.3, tslib@^2.1.0:
  version "2.1.0"
  resolved "https://registry.yarnpkg.com/tslib/-/tslib-2.1.0.tgz#da60860f1c2ecaa5703ab7d39bc05b6bf988b97a"
  integrity sha512-hcVC3wYEziELGGmEEXue7D75zbwIIVUMWAVbHItGPx0ziyXxrOMQx4rQEVEV45Ut/1IotuEvwqPopzIOkDMf0A==
